
Microsoft Visual Studio Solution File, Format Version 12.00
# Visual Studio Version 17
VisualStudioVersion = 17.5.33414.496
MinimumVisualStudioVersion = 10.0.40219.1
Project("{8BC9CEB8-8B4A-11D0-8D11-00A0C91BC942}") = "exes_2_131_C", "exes_2_131_C\exes_2_131_C.vcxproj", "{A577C5B7-BC64-4169-97BE-275F3598A47C}"
EndProject
Global
	GlobalSection(SolutionConfigurationPlatforms) = preSolution
		Debug|x64 = Debug|x64
		Debug|x86 = Debug|x86
		Release|x64 = Release|x64
		Release|x86 = Release|x86
	EndGlobalSection
	GlobalSection(ProjectConfigurationPlatforms) = postSolution
		{A577C5B7-BC64-4169-97BE-275F3598A47C}.Debug|x64.ActiveCfg = Debug|x64
		{A577C5B7-BC64-4169-97BE-275F3598A47C}.Debug|x64.Build.0 = Debug|x64
		{A577C5B7-BC64-4169-97BE-275F3598A47C}.Debug|x86.ActiveCfg = Debug|Win32
		{A577C5B7-BC64-4169-97BE-275F3598A47C}.Debug|x86.Build.0 = Debug|Win32
		{A577C5B7-BC64-4169-97BE-275F3598A47C}.Release|x64.ActiveCfg = Release|x64
		{A577C5B7-BC64-4169-97BE-275F3598A47C}.Release|x64.Build.0 = Release|x64
		{A577C5B7-BC64-4169-97BE-275F3598A47C}.Release|x86.ActiveCfg = Release|Win32
		{A577C5B7-BC64-4169-97BE-275F3598A47C}.Release|x86.Build.0 = Release|Win32
	EndGlobalSection
	GlobalSection(SolutionProperties) = preSolution
		HideSolutionNode = FALSE
	EndGlobalSection
	GlobalSection(ExtensibilityGlobals) = postSolution
		SolutionGuid = {709897AB-C6E0-4562-9B94-89FC5CC7976C}
	EndGlobalSection
EndGlobal
